
Microsoft Visual Studio Solution File, Format Version 12.00
# Visual Studio Version 16
VisualStudioVersion = 25.0.1706.0
MinimumVisualStudioVersion = 10.0.40219.1
Project("{FAE04EC0-301F-11D3-BF4B-00C04F79EFBC}") = "TaxCalculationConsoleApplication", "TaxCalculationConsoleApplication\TaxCalculationConsoleApplication.csproj", "{A8A96E11-F912-42B8-BC0D-F34654A67C90}"
EndProject
Project("{FAE04EC0-301F-11D3-BF4B-00C04F79EFBC}") = "TaxCalculationTest", "TaxCalculationTests\TaxCalculationTest.csproj", "{F603380B-E52C-43B0-960F-4CA6933FAB8A}"
EndProject
Global
	GlobalSection(SolutionConfigurationPlatforms) = preSolution
		Debug|Any CPU = Debug|Any CPU
		Release|Any CPU = Release|Any CPU
	EndGlobalSection
	GlobalSection(ProjectConfigurationPlatforms) = postSolution
		{A8A96E11-F912-42B8-BC0D-F34654A67C90}.Debug|Any CPU.ActiveCfg = Debug|Any CPU
		{A8A96E11-F912-42B8-BC0D-F34654A67C90}.Debug|Any CPU.Build.0 = Debug|Any CPU
		{A8A96E11-F912-42B8-BC0D-F34654A67C90}.Release|Any CPU.ActiveCfg = Release|Any CPU
		{A8A96E11-F912-42B8-BC0D-F34654A67C90}.Release|Any CPU.Build.0 = Release|Any CPU
		{F603380B-E52C-43B0-960F-4CA6933FAB8A}.Debug|Any CPU.ActiveCfg = Debug|Any CPU
		{F603380B-E52C-43B0-960F-4CA6933FAB8A}.Debug|Any CPU.Build.0 = Debug|Any CPU
		{F603380B-E52C-43B0-960F-4CA6933FAB8A}.Release|Any CPU.ActiveCfg = Release|Any CPU
		{F603380B-E52C-43B0-960F-4CA6933FAB8A}.Release|Any CPU.Build.0 = Release|Any CPU
	EndGlobalSection
	GlobalSection(SolutionProperties) = preSolution
		HideSolutionNode = FALSE
	EndGlobalSection
	GlobalSection(ExtensibilityGlobals) = postSolution
		SolutionGuid = {F3386E5B-B214-4565-82B3-212BAE54DD9B}
	EndGlobalSection
EndGlobal
